
Microsoft Visual Studio Solution File, Format Version 12.00
# Visual Studio Version 16
VisualStudioVersion = 16.0.29001.49
MinimumVisualStudioVersion = 10.0.40219.1
Project("{8BC9CEB8-8B4A-11D0-8D11-00A0C91BC942}") = "16StringsTransfer", "16StringsTransfer\16StringsTransfer.vcxproj", "{565FC133-2D3F-4FE6-A23C-07A88C93AA2E}"
EndProject
Global
	GlobalSection(SolutionConfigurationPlatforms) = preSolution
		Debug|x64 = Debug|x64
		Debug|x86 = Debug|x86
		Release|x64 = Release|x64
		Release|x86 = Release|x86
	EndGlobalSection
	GlobalSection(ProjectConfigurationPlatforms) = postSolution
		{565FC133-2D3F-4FE6-A23C-07A88C93AA2E}.Debug|x64.ActiveCfg = Debug|x64
		{565FC133-2D3F-4FE6-A23C-07A88C93AA2E}.Debug|x64.Build.0 = Debug|x64
		{565FC133-2D3F-4FE6-A23C-07A88C93AA2E}.Debug|x86.ActiveCfg = Debug|Win32
		{565FC133-2D3F-4FE6-A23C-07A88C93AA2E}.Debug|x86.Build.0 = Debug|Win32
		{565FC133-2D3F-4FE6-A23C-07A88C93AA2E}.Release|x64.ActiveCfg = Release|x64
		{565FC133-2D3F-4FE6-A23C-07A88C93AA2E}.Release|x64.Build.0 = Release|x64
		{565FC133-2D3F-4FE6-A23C-07A88C93AA2E}.Release|x86.ActiveCfg = Release|Win32
		{565FC133-2D3F-4FE6-A23C-07A88C93AA2E}.Release|x86.Build.0 = Release|Win32
	EndGlobalSection
	GlobalSection(SolutionProperties) = preSolution
		HideSolutionNode = FALSE
	EndGlobalSection
	GlobalSection(ExtensibilityGlobals) = postSolution
		SolutionGuid = {14D857DE-D3E7-4CCC-A129-F73EE9575202}
	EndGlobalSection
EndGlobal
